lockfileVersion: '9.0'

settings:
  autoInstallPeers: true
  excludeLinksFromLockfile: false

importers:

  .:
    dependencies:
      '@netlify/functions':
        specifier: ^3.0.0
        version: 3.0.0
      '@types/node':
        specifier: ^22.0.0
        version: 22.10.10
      rss-parser:
        specifier: ^3.13.0
        version: 3.13.0
      typescript:
        specifier: ^4.5.5
        version: 4.9.5

packages:

  '@netlify/functions@3.0.0':
    resolution: {integrity: sha512-XXf9mNw4+fkxUzukDpJtzc32bl1+YlXZwEhc5ZgMcTbJPLpgRLDs5WWSPJ4eY/Mv1ZFvtxmMwmfgoQYVt68Qog==}
    engines: {node: '>=18.0.0'}

  '@netlify/node-cookies@0.1.0':
    resolution: {integrity: sha512-OAs1xG+FfLX0LoRASpqzVntVV/RpYkgpI0VrUnw2u0Q1qiZUzcPffxRK8HF3gc4GjuhG5ahOEMJ9bswBiZPq0g==}
    engines: {node: ^14.16.0 || >=16.0.0}

  '@netlify/serverless-functions-api@1.30.1':
    resolution: {integrity: sha512-JkbaWFeydQdeDHz1mAy4rw+E3bl9YtbCgkntfTxq+IlNX/aIMv2/b1kZnQZcil4/sPoZGL831Dq6E374qRpU1A==}
    engines: {node: '>=18.0.0'}

  '@types/node@22.10.10':
    resolution: {integrity: sha512-X47y/mPNzxviAGY5TcYPtYL8JsY3kAq2n8fMmKoRCxq/c4v4pyGNCzM2R6+M5/umG4ZfHuT+sgqDYqWc9rJ6ww==}

  entities@2.2.0:
    resolution: {integrity: sha512-p92if5Nz619I0w+akJrLZH0MX0Pb5DX39XOwQTtXSdQQOaYH03S1uIQp4mhOZtAXrxq4ViO67YTiLBo2638o9A==}

  rss-parser@3.13.0:
    resolution: {integrity: sha512-7jWUBV5yGN3rqMMj7CZufl/291QAhvrrGpDNE4k/02ZchL0npisiYYqULF71jCEKoIiHvK/Q2e6IkDwPziT7+w==}

  sax@1.4.1:
    resolution: {integrity: sha512-+aWOz7yVScEGoKNd4PA10LZ8sk0A/z5+nXQG5giUO5rprX9jgYsTdov9qCchZiPIZezbZH+jRut8nPodFAX4Jg==}

  typescript@4.9.5:
    resolution: {integrity: sha512-1FXk9E2Hm+QzZQ7z+McJiHL4NW1F2EzMu9Nq9i3zAaGqibafqYwCVU6WyWAuyQRRzOlxou8xZSyXLEN8oKj24g==}
    engines: {node: '>=4.2.0'}
    hasBin: true

  undici-types@6.20.0:
    resolution: {integrity: sha512-Ny6QZ2Nju20vw1SRHe3d9jVu6gJ+4e3+MMpqu7pqE5HT6WsTSlce++GQmK5UXS8mzV8DSYHrQH+Xrf2jVcuKNg==}

  urlpattern-polyfill@8.0.2:
    resolution: {integrity: sha512-Qp95D4TPJl1kC9SKigDcqgyM2VDVO4RiJc2d4qe5GrYm+zbIQCWWKAFaJNQ4BhdFeDGwBmAxqJBwWSJDb9T3BQ==}

  xml2js@0.5.0:
    resolution: {integrity: sha512-drPFnkQJik/O+uPKpqSgr22mpuFHqKdbS835iAQrUC73L2F5WkboIRd63ai/2Yg6I1jzifPFKH2NTK+cfglkIA==}
    engines: {node: '>=4.0.0'}

  xmlbuilder@11.0.1:
    resolution: {integrity: sha512-fDlsI/kFEx7gLvbecc0/ohLG50fugQp8ryHzMTuW9vSa1GJ0XYWKnhsUx7oie3G98+r56aTQIUB4kht42R3JvA==}
    engines: {node: '>=4.0'}

snapshots:

  '@netlify/functions@3.0.0':
    dependencies:
      '@netlify/serverless-functions-api': 1.30.1

  '@netlify/node-cookies@0.1.0': {}

  '@netlify/serverless-functions-api@1.30.1':
    dependencies:
      '@netlify/node-cookies': 0.1.0
      urlpattern-polyfill: 8.0.2

  '@types/node@22.10.10':
    dependencies:
      undici-types: 6.20.0

  entities@2.2.0: {}

  rss-parser@3.13.0:
    dependencies:
      entities: 2.2.0
      xml2js: 0.5.0

  sax@1.4.1: {}

  typescript@4.9.5: {}

  undici-types@6.20.0: {}

  urlpattern-polyfill@8.0.2: {}

  xml2js@0.5.0:
    dependencies:
      sax: 1.4.1
      xmlbuilder: 11.0.1

  xmlbuilder@11.0.1: {}
